
Microsoft Visual Studio Solution File, Format Version 12.00
# Visual Studio Version 16
VisualStudioVersion = 16.0.30320.27
MinimumVisualStudioVersion = 10.0.40219.1
Project("{FAE04EC0-301F-11D3-BF4B-00C04F79EFBC}") = "DocsVisionWCF", "DocsVisionWCF.csproj", "{D6F02C5E-50AC-4579-ABA9-E5952D693E96}"
EndProject
Global
	GlobalSection(SolutionConfigurationPlatforms) = preSolution
		Debug|Any CPU = Debug|Any CPU
		Release|Any CPU = Release|Any CPU
	EndGlobalSection
	GlobalSection(ProjectConfigurationPlatforms) = postSolution
		{D6F02C5E-50AC-4579-ABA9-E5952D693E96}.Debug|Any CPU.ActiveCfg = Debug|Any CPU
		{D6F02C5E-50AC-4579-ABA9-E5952D693E96}.Debug|Any CPU.Build.0 = Debug|Any CPU
		{D6F02C5E-50AC-4579-ABA9-E5952D693E96}.Release|Any CPU.ActiveCfg = Release|Any CPU
		{D6F02C5E-50AC-4579-ABA9-E5952D693E96}.Release|Any CPU.Build.0 = Release|Any CPU
	EndGlobalSection
	GlobalSection(SolutionProperties) = preSolution
		HideSolutionNode = FALSE
	EndGlobalSection
	GlobalSection(ExtensibilityGlobals) = postSolution
		SolutionGuid = {AA75DE41-4990-43EA-AFEB-FE458C67EA63}
	EndGlobalSection
EndGlobal
